
Microsoft Visual Studio Solution File, Format Version 12.00
# Visual Studio 15
VisualStudioVersion = 15.0.28307.489
MinimumVisualStudioVersion = 10.0.40219.1
Project("{FAE04EC0-301F-11D3-BF4B-00C04F79EFBC}") = "Analizador Léxico", "Analizador Léxico\Analizador Léxico.csproj", "{D7E34C1D-FCC8-46F3-B62D-DB2988050AA8}"
EndProject
Project("{FAE04EC0-301F-11D3-BF4B-00C04F79EFBC}") = "Analizador Sintáctico", "Analizador Sintáctico\Analizador Sintáctico.csproj", "{49E9EDD7-A1D3-49CE-9E08-DEAF9FA9B03F}"
EndProject
Global
	GlobalSection(SolutionConfigurationPlatforms) = preSolution
		Debug|Any CPU = Debug|Any CPU
		Release|Any CPU = Release|Any CPU
	EndGlobalSection
	GlobalSection(ProjectConfigurationPlatforms) = postSolution
		{D7E34C1D-FCC8-46F3-B62D-DB2988050AA8}.Debug|Any CPU.ActiveCfg = Debug|Any CPU
		{D7E34C1D-FCC8-46F3-B62D-DB2988050AA8}.Debug|Any CPU.Build.0 = Debug|Any CPU
		{D7E34C1D-FCC8-46F3-B62D-DB2988050AA8}.Release|Any CPU.ActiveCfg = Release|Any CPU
		{D7E34C1D-FCC8-46F3-B62D-DB2988050AA8}.Release|Any CPU.Build.0 = Release|Any CPU
		{49E9EDD7-A1D3-49CE-9E08-DEAF9FA9B03F}.Debug|Any CPU.ActiveCfg = Debug|Any CPU
		{49E9EDD7-A1D3-49CE-9E08-DEAF9FA9B03F}.Debug|Any CPU.Build.0 = Debug|Any CPU
		{49E9EDD7-A1D3-49CE-9E08-DEAF9FA9B03F}.Release|Any CPU.ActiveCfg = Release|Any CPU
		{49E9EDD7-A1D3-49CE-9E08-DEAF9FA9B03F}.Release|Any CPU.Build.0 = Release|Any CPU
	EndGlobalSection
	GlobalSection(SolutionProperties) = preSolution
		HideSolutionNode = FALSE
	EndGlobalSection
	GlobalSection(ExtensibilityGlobals) = postSolution
		SolutionGuid = {3893524A-8D55-4018-8E34-A0E6EF53027D}
	EndGlobalSection
EndGlobal
